<?xml version="1.0" encoding="utf-8"?>
<Project ToolsVersion="4.0" xmlns="http://schemas.microsoft.com/developer/msbuild/2003">
  <ItemGroup>
    <Filter Include="源文件">
      <UniqueIdentifier>{4FC737F1-C7A5-4376-A066-2A32D752A2FF}</UniqueIdentifier>
      <Extensions>cpp;c;cc;cxx;def;odl;idl;hpj;bat;asm;asmx</Extensions>
    </Filter>
    <Filter Include="头文件">
      <UniqueIdentifier>{93995380-89BD-4b04-88EB-625FBE52EBFB}</UniqueIdentifier>
      <Extensions>h;hh;hpp;hxx;hm;inl;inc;ipp;xsd</Extensions>
    </Filter>
    <Filter Include="资源文件">
      <UniqueIdentifier>{67DA6AB6-F800-4c08-8B7A-83BB121AAD01}</UniqueIdentifier>
      <Extensions>rc;ico;cur;bmp;dlg;rc2;rct;bin;rgs;gif;jpg;jpeg;jpe;resx;tiff;tif;png;wav;mfcribbon-ms</Extensions>
    </Filter>
  </ItemGroup>
  <ItemGroup>
    <ClInclude Include="bbngame.h">
      <Filter>头文件</Filter>
    </ClInclude>
    <ClInclude Include="bbngameDlg.h">
      <Filter>头文件</Filter>
    </ClInclude>
    <ClInclude Include="stdafx.h">
      <Filter>头文件</Filter>
    </ClInclude>
    <ClInclude Include="targetver.h">
      <Filter>头文件</Filter>
    </ClInclude>
    <ClInclude Include="Resource.h">
      <Filter>头文件</Filter>
    </ClInclude>
    <ClInclude Include="gameDlg.h">
      <Filter>头文件</Filter>
    </ClInclude>
    <ClInclude Include="ansDlg.h">
      <Filter>头文件</Filter>
    </ClInclude>
    <ClInclude Include="notify.h">
      <Filter>头文件</Filter>
    </ClInclude>
    <ClInclude Include="rule.h">
      <Filter>头文件</Filter>
    </ClInclude>
    <ClInclude Include="userdata.h">
      <Filter>头文件</Filter>
    </ClInclude>
    <ClInclude Include="setup.h">
      <Filter>头文件</Filter>
    </ClInclude>
    <ClInclude Include="CRuleDlg.h">
      <Filter>头文件</Filter>
    </ClInclude>
    <ClInclude Include="CSetupRuleDlg.h">
      <Filter>头文件</Filter>
    </ClInclude>
    <ClInclude Include="CMoneyRuleDlg.h">
      <Filter>头文件</Filter>
    </ClInclude>
    <ClInclude Include="GameShowDlg.h">
      <Filter>头文件</Filter>
    </ClInclude>
    <ClInclude Include="DetailDlg.h">
      <Filter>头文件</Filter>
    </ClInclude>
    <ClInclude Include="WarnDlg.h">
      <Filter>头文件</Filter>
    </ClInclude>
    <ClInclude Include="SidLoginDlg.h">
      <Filter>头文件</Filter>
    </ClInclude>
    <ClInclude Include="myssl.h">
      <Filter>头文件</Filter>
    </ClInclude>
    <ClInclude Include="httpsocket.h">
      <Filter>头文件</Filter>
    </ClInclude>
    <ClInclude Include="PartDlg.h">
      <Filter>头文件</Filter>
    </ClInclude>
    <ClInclude Include="websocket.h">
      <Filter>头文件</Filter>
    </ClInclude>
    <ClInclude Include="baccarat.h">
      <Filter>头文件</Filter>
    </ClInclude>
  </ItemGroup>
  <ItemGroup>
    <ClCompile Include="bbngame.cpp">
      <Filter>源文件</Filter>
    </ClCompile>
    <ClCompile Include="bbngameDlg.cpp">
      <Filter>源文件</Filter>
    </ClCompile>
    <ClCompile Include="stdafx.cpp">
      <Filter>源文件</Filter>
    </ClCompile>
    <ClCompile Include="gameDlg.cpp">
      <Filter>源文件</Filter>
    </ClCompile>
    <ClCompile Include="ansDlg.cpp">
      <Filter>源文件</Filter>
    </ClCompile>
    <ClCompile Include="userdata.cpp">
      <Filter>源文件</Filter>
    </ClCompile>
    <ClCompile Include="setup.cpp">
      <Filter>源文件</Filter>
    </ClCompile>
    <ClCompile Include="websocket.cpp">
      <Filter>源文件</Filter>
    </ClCompile>
    <ClCompile Include="CRuleDlg.cpp">
      <Filter>源文件</Filter>
    </ClCompile>
    <ClCompile Include="CSetupRuleDlg.cpp">
      <Filter>源文件</Filter>
    </ClCompile>
    <ClCompile Include="CMoneyRuleDlg.cpp">
      <Filter>源文件</Filter>
    </ClCompile>
    <ClCompile Include="rule.cpp">
      <Filter>源文件</Filter>
    </ClCompile>
    <ClCompile Include="GameShowDlg.cpp">
      <Filter>源文件</Filter>
    </ClCompile>
    <ClCompile Include="DetailDlg.cpp">
      <Filter>源文件</Filter>
    </ClCompile>
    <ClCompile Include="WarnDlg.cpp">
      <Filter>源文件</Filter>
    </ClCompile>
    <ClCompile Include="SidLoginDlg.cpp">
      <Filter>源文件</Filter>
    </ClCompile>
    <ClCompile Include="PartDlg.cpp">
      <Filter>源文件</Filter>
    </ClCompile>
  </ItemGroup>
  <ItemGroup>
    <ResourceCompile Include="bbngame.rc">
      <Filter>资源文件</Filter>
    </ResourceCompile>
  </ItemGroup>
  <ItemGroup>
    <None Include="res\bbngame.rc2">
      <Filter>资源文件</Filter>
    </None>
  </ItemGroup>
  <ItemGroup>
    <Image Include="res\bbngame.ico">
      <Filter>资源文件</Filter>
    </Image>
  </ItemGroup>
</Project>